
Microsoft Visual Studio Solution File, Format Version 12.00
# Visual Studio Version 16
VisualStudioVersion = 16.0.31129.286
MinimumVisualStudioVersion = 10.0.40219.1
Project("{FAE04EC0-301F-11D3-BF4B-00C04F79EFBC}") = "MISA.Api", "MISA.Api.csproj", "{0F085208-2E0B-4FAD-BF20-5C9CB04E820B}"
EndProject
Project("{FAE04EC0-301F-11D3-BF4B-00C04F79EFBC}") = "MISA.Infrastructure", "MISA.Infrastructure\MISA.Infrastructure.csproj", "{402CA62C-4DA3-46CC-95BC-CD918DF189C0}"
EndProject
Project("{FAE04EC0-301F-11D3-BF4B-00C04F79EFBC}") = "MISA.Core", "MISA.Core\MISA.Core.csproj", "{147685CA-ADDA-4018-AB91-ED039B9BD705}"
EndProject
Global
	GlobalSection(SolutionConfigurationPlatforms) = preSolution
		Debug|Any CPU = Debug|Any CPU
		Release|Any CPU = Release|Any CPU
	EndGlobalSection
	GlobalSection(ProjectConfigurationPlatforms) = postSolution
		{0F085208-2E0B-4FAD-BF20-5C9CB04E820B}.Debug|Any CPU.ActiveCfg = Debug|Any CPU
		{0F085208-2E0B-4FAD-BF20-5C9CB04E820B}.Debug|Any CPU.Build.0 = Debug|Any CPU
		{0F085208-2E0B-4FAD-BF20-5C9CB04E820B}.Release|Any CPU.ActiveCfg = Release|Any CPU
		{0F085208-2E0B-4FAD-BF20-5C9CB04E820B}.Release|Any CPU.Build.0 = Release|Any CPU
		{402CA62C-4DA3-46CC-95BC-CD918DF189C0}.Debug|Any CPU.ActiveCfg = Debug|Any CPU
		{402CA62C-4DA3-46CC-95BC-CD918DF189C0}.Debug|Any CPU.Build.0 = Debug|Any CPU
		{402CA62C-4DA3-46CC-95BC-CD918DF189C0}.Release|Any CPU.ActiveCfg = Release|Any CPU
		{402CA62C-4DA3-46CC-95BC-CD918DF189C0}.Release|Any CPU.Build.0 = Release|Any CPU
		{147685CA-ADDA-4018-AB91-ED039B9BD705}.Debug|Any CPU.ActiveCfg = Debug|Any CPU
		{147685CA-ADDA-4018-AB91-ED039B9BD705}.Debug|Any CPU.Build.0 = Debug|Any CPU
		{147685CA-ADDA-4018-AB91-ED039B9BD705}.Release|Any CPU.ActiveCfg = Release|Any CPU
		{147685CA-ADDA-4018-AB91-ED039B9BD705}.Release|Any CPU.Build.0 = Release|Any CPU
	EndGlobalSection
	GlobalSection(SolutionProperties) = preSolution
		HideSolutionNode = FALSE
	EndGlobalSection
	GlobalSection(ExtensibilityGlobals) = postSolution
		SolutionGuid = {7A37A468-2DAD-44BB-B58E-E5D22E74767C}
	EndGlobalSection
EndGlobal
